
Microsoft Visual Studio Solution File, Format Version 12.00
# Visual Studio Version 16
VisualStudioVersion = 16.0.31205.134
MinimumVisualStudioVersion = 10.0.40219.1
Project("{FAE04EC0-301F-11D3-BF4B-00C04F79EFBC}") = "Export_agency", "Export_agency\Export_agency.csproj", "{837EA4B2-2714-4949-82C1-5958BA7C5249}"
EndProject
Global
	GlobalSection(SolutionConfigurationPlatforms) = preSolution
		Debug|Any CPU = Debug|Any CPU
		Release|Any CPU = Release|Any CPU
	EndGlobalSection
	GlobalSection(ProjectConfigurationPlatforms) = postSolution
		{837EA4B2-2714-4949-82C1-5958BA7C5249}.Debug|Any CPU.ActiveCfg = Debug|Any CPU
		{837EA4B2-2714-4949-82C1-5958BA7C5249}.Debug|Any CPU.Build.0 = Debug|Any CPU
		{837EA4B2-2714-4949-82C1-5958BA7C5249}.Release|Any CPU.ActiveCfg = Release|Any CPU
		{837EA4B2-2714-4949-82C1-5958BA7C5249}.Release|Any CPU.Build.0 = Release|Any CPU
	EndGlobalSection
	GlobalSection(SolutionProperties) = preSolution
		HideSolutionNode = FALSE
	EndGlobalSection
	GlobalSection(ExtensibilityGlobals) = postSolution
		SolutionGuid = {184CE43E-F239-4B00-91AF-C954A9148357}
	EndGlobalSection
EndGlobal
